
Microsoft Visual Studio Solution File, Format Version 12.00
# Visual Studio 15
VisualStudioVersion = 15.0.27703.2026
MinimumVisualStudioVersion = 10.0.40219.1
Project("{FAE04EC0-301F-11D3-BF4B-00C04F79EFBC}") = "CanBangTai", "CanBangTai\CanBangTai.csproj", "{89F6B81F-3A3F-406D-B112-3AAC98B93739}"
EndProject
Project("{FAE04EC0-301F-11D3-BF4B-00C04F79EFBC}") = "TahoSharp7", "TahoSharp7\TahoSharp7.csproj", "{93516EC0-9657-4964-B90F-99C27E239C67}"
EndProject
Global
	GlobalSection(SolutionConfigurationPlatforms) = preSolution
		Debug|Any CPU = Debug|Any CPU
		Debug|x64 = Debug|x64
		Release|Any CPU = Release|Any CPU
		Release|x64 = Release|x64
	EndGlobalSection
	GlobalSection(ProjectConfigurationPlatforms) = postSolution
		{89F6B81F-3A3F-406D-B112-3AAC98B93739}.Debug|Any CPU.ActiveCfg = Debug|Any CPU
		{89F6B81F-3A3F-406D-B112-3AAC98B93739}.Debug|Any CPU.Build.0 = Debug|Any CPU
		{89F6B81F-3A3F-406D-B112-3AAC98B93739}.Debug|x64.ActiveCfg = Debug|Any CPU
		{89F6B81F-3A3F-406D-B112-3AAC98B93739}.Debug|x64.Build.0 = Debug|Any CPU
		{89F6B81F-3A3F-406D-B112-3AAC98B93739}.Release|Any CPU.ActiveCfg = Release|Any CPU
		{89F6B81F-3A3F-406D-B112-3AAC98B93739}.Release|Any CPU.Build.0 = Release|Any CPU
		{89F6B81F-3A3F-406D-B112-3AAC98B93739}.Release|x64.ActiveCfg = Release|Any CPU
		{89F6B81F-3A3F-406D-B112-3AAC98B93739}.Release|x64.Build.0 = Release|Any CPU
		{93516EC0-9657-4964-B90F-99C27E239C67}.Debug|Any CPU.ActiveCfg = Debug|Any CPU
		{93516EC0-9657-4964-B90F-99C27E239C67}.Debug|Any CPU.Build.0 = Debug|Any CPU
		{93516EC0-9657-4964-B90F-99C27E239C67}.Debug|x64.ActiveCfg = Debug|Any CPU
		{93516EC0-9657-4964-B90F-99C27E239C67}.Debug|x64.Build.0 = Debug|Any CPU
		{93516EC0-9657-4964-B90F-99C27E239C67}.Release|Any CPU.ActiveCfg = Release|Any CPU
		{93516EC0-9657-4964-B90F-99C27E239C67}.Release|Any CPU.Build.0 = Release|Any CPU
		{93516EC0-9657-4964-B90F-99C27E239C67}.Release|x64.ActiveCfg = Release|Any CPU
		{93516EC0-9657-4964-B90F-99C27E239C67}.Release|x64.Build.0 = Release|Any CPU
	EndGlobalSection
	GlobalSection(SolutionProperties) = preSolution
		HideSolutionNode = FALSE
	EndGlobalSection
	GlobalSection(ExtensibilityGlobals) = postSolution
		SolutionGuid = {45236AD0-5636-43DD-99E0-154B26C7DF3B}
	EndGlobalSection
EndGlobal
